// !$*UTF8*$!
{
	archiveVersion = 1;
	classes = {
	};
	objectVersion = 46;
	objects = {

/* Begin PBXBuildFile section */
		DBE837B61E74708C0030F277 /* AppDelegate.swift in Sources */ = {isa = PBXBuildFile; fileRef = DBE837B51E74708C0030F277 /* AppDelegate.swift */; };
		DBE837B81E74708C0030F277 /* ViewController.swift in Sources */ = {isa = PBXBuildFile; fileRef = DBE837B71E74708C0030F277 /* ViewController.swift */; };
		DBE837BB1E74708C0030F277 /* Main.storyboard in Resources */ = {isa = PBXBuildFile; fileRef = DBE837B91E74708C0030F277 /* Main.storyboard */; };
		DBE837BD1E74708C0030F277 /* Assets.xcassets in Resources */ = {isa = PBXBuildFile; fileRef = DBE837BC1E74708C0030F277 /* Assets.xcassets */; };
		DBE837C01E74708C0030F277 /* LaunchScreen.storyboard in Resources */ = {isa = PBXBuildFile; fileRef = DBE837BE1E74708C0030F277 /* LaunchScreen.storyboard */; };
		DBE837C81E7486950030F277 /* Minecraft.ttf in Resources */ = {isa = PBXBuildFile; fileRef = DBE837C71E7486950030F277 /* Minecraft.ttf */; };
		DBE837CA1E748BDF0030F277 /* btn.wav in Resources */ = {isa = PBXBuildFile; fileRef = DBE837C91E748BDF0030F277 /* btn.wav */; };
/* End PBXBuildFile section */

/* Begin PBXFileReference section */
		DBE837B21E74708C0030F277 /* RetroCalc.app */ = {isa = PBXFileReference; explicitFileType = wrapper.application; includeInIndex = 0; path = RetroCalc.app; sourceTree = BUILT_PRODUCTS_DIR; };
		DBE837B51E74708C0030F277 /* AppDelegate.swift */ = {isa = PBXFileReference; lastKnownFileType = sourcecode.swift; path = AppDelegate.swift; sourceTree = "<group>"; };
		DBE837B71E74708C0030F277 /* ViewController.swift */ = {isa = PBXFileReference; lastKnownFileType = sourcecode.swift; path = ViewController.swift; sourceTree = "<group>"; xcLanguageSpecificationIdentifier = xcode.lang.swift; };
		DBE837BA1E74708C0030F277 /* Base */ = {isa = PBXFileReference; lastKnownFileType = file.storyboard; name = Base; path = Base.lproj/Main.storyboard; sourceTree = "<group>"; };
		DBE837BC1E74708C0030F277 /* Assets.xcassets */ = {isa = PBXFileReference; lastKnownFileType = folder.assetcatalog; path = Assets.xcassets; sourceTree = "<group>"; };
		DBE837BF1E74708C0030F277 /* Base */ = {isa = PBXFileReference; lastKnownFileType = file.storyboard; name = Base; path = Base.lproj/LaunchScreen.storyboard; sourceTree = "<group>"; };
		DBE837C11E74708C0030F277 /* Info.plist */ = {isa = PBXFileReference; lastKnownFileType = text.plist.xml; path = Info.plist; sourceTree = "<group>"; };
		DBE837C71E7486950030F277 /* Minecraft.ttf */ = {isa = PBXFileReference; lastKnownFileType = file; path = Minecraft.ttf; sourceTree = "<group>"; };
		DBE837C91E748BDF0030F277 /* btn.wav */ = {isa = PBXFileReference; lastKnownFileType = audio.wav; path = btn.wav; sourceTree = "<group>"; };
/* End PBXFileReference section */

/* Begin PBXFrameworksBuildPhase section */
		DBE837AF1E74708C0030F277 /* Frameworks */ = {
			isa = PBXFrameworksBuildPhase;
			buildActionMask = 2147483647;
			files = (
			);
			runOnlyForDeploymentPostprocessing = 0;
		};
/* End PBXFrameworksBuildPhase section */

/* Begin PBXGroup section */
		DBE837A91E74708C0030F277 = {
			isa = PBXGroup;
			children = (
				DBE837B41E74708C0030F277 /* RetroCalc */,
				DBE837B31E74708C0030F277 /* Products */,
			);
			sourceTree = "<group>";
		};
		DBE837B31E74708C0030F277 /* Products */ = {
			isa = PBXGroup;
			children = (
				DBE837B21E74708C0030F277 /* RetroCalc.app */,
			);
			name = Products;
			sourceTree = "<group>";
		};
		DBE837B41E74708C0030F277 /* RetroCalc */ = {
			isa = PBXGroup;
			children = (
				DBE837B51E74708C0030F277 /* AppDelegate.swift */,
				DBE837B71E74708C0030F277 /* ViewController.swift */,
				DBE837B91E74708C0030F277 /* Main.storyboard */,
				DBE837BC1E74708C0030F277 /* Assets.xcassets */,
				DBE837BE1E74708C0030F277 /* LaunchScreen.storyboard */,
				DBE837C11E74708C0030F277 /* Info.plist */,
				DBE837C71E7486950030F277 /* Minecraft.ttf */,
				DBE837C91E748BDF0030F277 /* btn.wav */,
			);
			path = RetroCalc;
			sourceTree = "<group>";
		};
/* End PBXGroup section */

/* Begin PBXNativeTarget section */
		DBE837B11E74708C0030F277 /* RetroCalc */ = {
			isa = PBXNativeTarget;
			buildConfigurationList = DBE837C41E74708C0030F277 /* Build configuration list for PBXNativeTarget "RetroCalc" */;
			buildPhases = (
				DBE837AE1E74708C0030F277 /* Sources */,
				DBE837AF1E74708C0030F277 /* Frameworks */,
				DBE837B01E74708C0030F277 /* Resources */,
			);
			buildRules = (
			);
			dependencies = (
			);
			name = RetroCalc;
			productName = RetroCalc;
			productReference = DBE837B21E74708C0030F277 /* RetroCalc.app */;
			productType = "com.apple.product-type.application";
		};
/* End PBXNativeTarget section */

/* Begin PBXProject section */
		DBE837AA1E74708C0030F277 /* Project object */ = {
			isa = PBXProject;
			attributes = {
				LastSwiftUpdateCheck = 0820;
				LastUpgradeCheck = 0820;
				ORGANIZATIONNAME = "Loyd's Productions";
				TargetAttributes = {
					DBE837B11E74708C0030F277 = {
						CreatedOnToolsVersion = 8.2.1;
						DevelopmentTeam = 2A45TNDYN4;
						ProvisioningStyle = Automatic;
					};
				};
			};
			buildConfigurationList = DBE837AD1E74708C0030F277 /* Build configuration list for PBXProject "RetroCalc" */;
			compatibilityVersion = "Xcode 3.2";
			developmentRegion = English;
			hasScannedForEncodings = 0;
			knownRegions = (
				en,
				Base,
			);
			mainGroup = DBE837A91E74708C0030F277;
			productRefGroup = DBE837B31E74708C0030F277 /* Products */;
			projectDirPath = "";
			projectRoot = "";
			targets = (
				DBE837B11E74708C0030F277 /* RetroCalc */,
			);
		};
/* End PBXProject section */

/* Begin PBXResourcesBuildPhase section */
		DBE837B01E74708C0030F277 /* Resources */ = {
			isa = PBXResourcesBuildPhase;
			buildActionMask = 2147483647;
			files = (
				DBE837CA1E748BDF0030F277 /* btn.wav in Resources */,
				DBE837C01E74708C0030F277 /* LaunchScreen.storyboard in Resources */,
				DBE837BD1E74708C0030F277 /* Assets.xcassets in Resources */,
				DBE837C81E7486950030F277 /* Minecraft.ttf in Resources */,
				DBE837BB1E74708C0030F277 /* Main.storyboard in Resources */,
			);
			runOnlyForDeploymentPostprocessing = 0;
		};
/* End PBXResourcesBuildPhase section */

/* Begin PBXSourcesBuildPhase section */
		DBE837AE1E74708C0030F277 /* Sources */ = {
			isa = PBXSourcesBuildPhase;
			buildActionMask = 2147483647;
			files = (
				DBE837B81E74708C0030F277 /* ViewController.swift in Sources */,
				DBE837B61E74708C0030F277 /* AppDelegate.swift in Sources */,
			);
			runOnlyForDeploymentPostprocessing = 0;
		};
/* End PBXSourcesBuildPhase section */

/* Begin PBXVariantGroup section */
		DBE837B91E74708C0030F277 /* Main.storyboard */ = {
			isa = PBXVariantGroup;
			children = (
				DBE837BA1E74708C0030F277 /* Base */,
			);
			name = Main.storyboard;
			sourceTree = "<group>";
		};
		DBE837BE1E74708C0030F277 /* LaunchScreen.storyboard */ = {
			isa = PBXVariantGroup;
			children = (
				DBE837BF1E74708C0030F277 /* Base */,
			);
			name = LaunchScreen.storyboard;
			sourceTree = "<group>";
		};
/* End PBXVariantGroup section */

/* Begin XCBuildConfiguration section */
		DBE837C21E74708C0030F277 /* Debug */ = {
			isa = XCBuildConfiguration;
			buildSettings = {
				ALWAYS_SEARCH_USER_PATHS = NO;
				CLANG_ANALYZER_NONNULL = YES;
				CLANG_CXX_LANGUAGE_STANDARD = "gnu++0x";
				CLANG_CXX_LIBRARY = "libc++";
				CLANG_ENABLE_MODULES = YES;
				CLANG_ENABLE_OBJC_ARC = YES;
				CLANG_WARN_BOOL_CONVERSION = YES;
				CLANG_WARN_CONSTANT_CONVERSION = YES;
				CLANG_WARN_DIRECT_OBJC_ISA_USAGE = YES_ERROR;
				CLANG_WARN_DOCUMENTATION_COMMENTS = YES;
				CLANG_WARN_EMPTY_BODY = YES;
				CLANG_WARN_ENUM_CONVERSION = YES;
				CLANG_WARN_INFINITE_RECURSION = YES;
				CLANG_WARN_INT_CONVERSION = YES;
				CLANG_WARN_OBJC_ROOT_CLASS = YES_ERROR;
				CLANG_WARN_SUSPICIOUS_MOVE = YES;
				CLANG_WARN_UNREACHABLE_CODE = YES;
				CLANG_WARN__DUPLICATE_METHOD_MATCH = YES;
				"CODE_SIGN_IDENTITY[sdk=iphoneos*]" = "iPhone Developer";
				COPY_PHASE_STRIP = NO;
				DEBUG_INFORMATION_FORMAT = dwarf;
				ENABLE_STRICT_OBJC_MSGSEND = YES;
				ENABLE_TESTABILITY = YES;
				GCC_C_LANGUAGE_STANDARD = gnu99;
				GCC_DYNAMIC_NO_PIC = NO;
				GCC_NO_COMMON_BLOCKS = YES;
				GCC_OPTIMIZATION_LEVEL = 0;
				GCC_PREPROCESSOR_DEFINITIONS = (
					"DEBUG=1",
					"$(inherited)",
				);
				GCC_WARN_64_TO_32_BIT_CONVERSION = YES;
				GCC_WARN_ABOUT_RETURN_TYPE = YES_ERROR;
				GCC_WARN_UNDECLARED_SELECTOR = YES;
				GCC_WARN_UNINITIALIZED_AUTOS = YES_AGGRESSIVE;
				GCC_WARN_UNUSED_FUNCTION = YES;
				GCC_WARN_UNUSED_VARIABLE = YES;
				IPHONEOS_DEPLOYMENT_TARGET = 10.2;
				MTL_ENABLE_DEBUG_INFO = YES;
				ONLY_ACTIVE_ARCH = YES;
				SDKROOT = iphoneos;
				SWIFT_ACTIVE_COMPILATION_CONDITIONS = DEBUG;
				SWIFT_OPTIMIZATION_LEVEL = "-Onone";
			};
			name = Debug;
		};
		DBE837C31E74708C0030F277 /* Release */ = {
			isa = XCBuildConfiguration;
			buildSettings = {
				ALWAYS_SEARCH_USER_PATHS = NO;
				CLANG_ANALYZER_NONNULL = YES;
				CLANG_CXX_LANGUAGE_STANDARD = "gnu++0x";
				CLANG_CXX_LIBRARY = "libc++";
				CLANG_ENABLE_MODULES = YES;
				CLANG_ENABLE_OBJC_ARC = YES;
				CLANG_WARN_BOOL_CONVERSION = YES;
				CLANG_WARN_CONSTANT_CONVERSION = YES;
				CLANG_WARN_DIRECT_OBJC_ISA_USAGE = YES_ERROR;
				CLANG_WARN_DOCUMENTATION_COMMENTS = YES;
				CLANG_WARN_EMPTY_BODY = YES;
				CLANG_WARN_ENUM_CONVERSION = YES;
				CLANG_WARN_INFINITE_RECURSION = YES;
				CLANG_WARN_INT_CONVERSION = YES;
				CLANG_WARN_OBJC_ROOT_CLASS = YES_ERROR;
				CLANG_WARN_SUSPICIOUS_MOVE = YES;
				CLANG_WARN_UNREACHABLE_CODE = YES;
				CLANG_WARN__DUPLICATE_METHOD_MATCH = YES;
				"CODE_SIGN_IDENTITY[sdk=iphoneos*]" = "iPhone Developer";
				COPY_PHASE_STRIP = NO;
				DEBUG_INFORMATION_FORMAT = "dwarf-with-dsym";
				ENABLE_NS_ASSERTIONS = NO;
				ENABLE_STRICT_OBJC_MSGSEND = YES;
				GCC_C_LANGUAGE_STANDARD = gnu99;
				GCC_NO_COMMON_BLOCKS = YES;
				GCC_WARN_64_TO_32_BIT_CONVERSION = YES;
				GCC_WARN_ABOUT_RETURN_TYPE = YES_ERROR;
				GCC_WARN_UNDECLARED_SELECTOR = YES;
				GCC_WARN_UNINITIALIZED_AUTOS = YES_AGGRESSIVE;
				GCC_WARN_UNUSED_FUNCTION = YES;
				GCC_WARN_UNUSED_VARIABLE = YES;
				IPHONEOS_DEPLOYMENT_TARGET = 10.2;
				MTL_ENABLE_DEBUG_INFO = NO;
				SDKROOT = iphoneos;
				SWIFT_OPTIMIZATION_LEVEL = "-Owholemodule";
				VALIDATE_PRODUCT = YES;
			};
			name = Release;
		};
		DBE837C51E74708C0030F277 /* Debug */ = {
			isa = XCBuildConfiguration;
			buildSettings = {
				ASSETCATALOG_COMPILER_APPICON_NAME = AppIcon;
				DEVELOPMENT_TEAM = 2A45TNDYN4;
				INFOPLIST_FILE = RetroCalc/Info.plist;
				LD_RUNPATH_SEARCH_PATHS = "$(inherited) @executable_path/Frameworks";
				PRODUCT_BUNDLE_IDENTIFIER = Loyd.RetroCalc;
				PRODUCT_NAME = "$(TARGET_NAME)";
				SWIFT_VERSION = 3.0;
				TARGETED_DEVICE_FAMILY = "1,2";
			};
			name = Debug;
		};
		DBE837C61E74708C0030F277 /* Release */ = {
			isa = XCBuildConfiguration;
			buildSettings = {
				ASSETCATALOG_COMPILER_APPICON_NAME = AppIcon;
				DEVELOPMENT_TEAM = 2A45TNDYN4;
				INFOPLIST_FILE = RetroCalc/Info.plist;
				LD_RUNPATH_SEARCH_PATHS = "$(inherited) @executable_path/Frameworks";
				PRODUCT_BUNDLE_IDENTIFIER = Loyd.RetroCalc;
				PRODUCT_NAME = "$(TARGET_NAME)";
				SWIFT_VERSION = 3.0;
				TARGETED_DEVICE_FAMILY = "1,2";
			};
			name = Release;
		};
/* End XCBuildConfiguration section */

/* Begin XCConfigurationList section */
		DBE837AD1E74708C0030F277 /* Build configuration list for PBXProject "RetroCalc" */ = {
			isa = XCConfigurationList;
			buildConfigurations = (
				DBE837C21E74708C0030F277 /* Debug */,
				DBE837C31E74708C0030F277 /* Release */,
			);
			defaultConfigurationIsVisible = 0;
			defaultConfigurationName = Release;
		};
		DBE837C41E74708C0030F277 /* Build configuration list for PBXNativeTarget "RetroCalc" */ = {
			isa = XCConfigurationList;
			buildConfigurations = (
				DBE837C51E74708C0030F277 /* Debug */,
				DBE837C61E74708C0030F277 /* Release */,
			);
			defaultConfigurationIsVisible = 0;
		};
/* End XCConfigurationList section */
	};
	rootObject = DBE837AA1E74708C0030F277 /* Project object */;
}
